
Microsoft Visual Studio Solution File, Format Version 12.00
# Visual Studio Version 17
VisualStudioVersion = 17.13.35828.75 d17.13
MinimumVisualStudioVersion = 10.0.40219.1
Project("{54A90642-561A-4BB1-A94E-469ADEE60C69}") = "controledeestoque.client", "controledeestoque.client\controledeestoque.client.esproj", "{8018B71D-3BEF-0164-FDA0-57D555B42D36}"
EndProject
Project("{FAE04EC0-301F-11D3-BF4B-00C04F79EFBC}") = "ControleDeEstoque.Server", "ControleDeEstoque.Server\ControleDeEstoque.Server.csproj", "{B4C09D74-41F1-4F1E-8C32-091AC5A3DD8E}"
EndProject
Project("{FAE04EC0-301F-11D3-BF4B-00C04F79EFBC}") = "Entidades", "Entidades\Entidades.csproj", "{63FB3590-83DE-4451-858A-3843EFCAB3FA}"
EndProject
Project("{FAE04EC0-301F-11D3-BF4B-00C04F79EFBC}") = "Servicos", "Servicos\Servicos.csproj", "{FE3EED13-BEFD-415E-8234-D069D4ACAC1D}"
EndProject
Project("{FAE04EC0-301F-11D3-BF4B-00C04F79EFBC}") = "Repositorios", "Repositorios\Repositorios.csproj", "{1CACBCF6-4247-4CAF-B0B7-2AE685724759}"
EndProject
Global
	GlobalSection(SolutionConfigurationPlatforms) = preSolution
		Debug|Any CPU = Debug|Any CPU
		Release|Any CPU = Release|Any CPU
	EndGlobalSection
	GlobalSection(ProjectConfigurationPlatforms) = postSolution
		{8018B71D-3BEF-0164-FDA0-57D555B42D36}.Debug|Any CPU.ActiveCfg = Debug|Any CPU
		{8018B71D-3BEF-0164-FDA0-57D555B42D36}.Debug|Any CPU.Build.0 = Debug|Any CPU
		{8018B71D-3BEF-0164-FDA0-57D555B42D36}.Debug|Any CPU.Deploy.0 = Debug|Any CPU
		{8018B71D-3BEF-0164-FDA0-57D555B42D36}.Release|Any CPU.ActiveCfg = Release|Any CPU
		{8018B71D-3BEF-0164-FDA0-57D555B42D36}.Release|Any CPU.Build.0 = Release|Any CPU
		{8018B71D-3BEF-0164-FDA0-57D555B42D36}.Release|Any CPU.Deploy.0 = Release|Any CPU
		{B4C09D74-41F1-4F1E-8C32-091AC5A3DD8E}.Debug|Any CPU.ActiveCfg = Debug|Any CPU
		{B4C09D74-41F1-4F1E-8C32-091AC5A3DD8E}.Debug|Any CPU.Build.0 = Debug|Any CPU
		{B4C09D74-41F1-4F1E-8C32-091AC5A3DD8E}.Release|Any CPU.ActiveCfg = Release|Any CPU
		{B4C09D74-41F1-4F1E-8C32-091AC5A3DD8E}.Release|Any CPU.Build.0 = Release|Any CPU
		{63FB3590-83DE-4451-858A-3843EFCAB3FA}.Debug|Any CPU.ActiveCfg = Debug|Any CPU
		{63FB3590-83DE-4451-858A-3843EFCAB3FA}.Debug|Any CPU.Build.0 = Debug|Any CPU
		{63FB3590-83DE-4451-858A-3843EFCAB3FA}.Release|Any CPU.ActiveCfg = Release|Any CPU
		{63FB3590-83DE-4451-858A-3843EFCAB3FA}.Release|Any CPU.Build.0 = Release|Any CPU
		{FE3EED13-BEFD-415E-8234-D069D4ACAC1D}.Debug|Any CPU.ActiveCfg = Debug|Any CPU
		{FE3EED13-BEFD-415E-8234-D069D4ACAC1D}.Debug|Any CPU.Build.0 = Debug|Any CPU
		{FE3EED13-BEFD-415E-8234-D069D4ACAC1D}.Release|Any CPU.ActiveCfg = Release|Any CPU
		{FE3EED13-BEFD-415E-8234-D069D4ACAC1D}.Release|Any CPU.Build.0 = Release|Any CPU
		{1CACBCF6-4247-4CAF-B0B7-2AE685724759}.Debug|Any CPU.ActiveCfg = Debug|Any CPU
		{1CACBCF6-4247-4CAF-B0B7-2AE685724759}.Debug|Any CPU.Build.0 = Debug|Any CPU
		{1CACBCF6-4247-4CAF-B0B7-2AE685724759}.Release|Any CPU.ActiveCfg = Release|Any CPU
		{1CACBCF6-4247-4CAF-B0B7-2AE685724759}.Release|Any CPU.Build.0 = Release|Any CPU
	EndGlobalSection
	GlobalSection(SolutionProperties) = preSolution
		HideSolutionNode = FALSE
	EndGlobalSection
	GlobalSection(ExtensibilityGlobals) = postSolution
		SolutionGuid = {23BC66C5-8F14-49D4-90A9-32043AC16E02}
	EndGlobalSection
EndGlobal
